
Microsoft Visual Studio Solution File, Format Version 12.00
# Visual Studio Version 17
VisualStudioVersion = 17.10.35122.118
MinimumVisualStudioVersion = 10.0.40219.1
Project("{9A19103F-16F7-4668-BE54-9A1E7A4F7556}") = "Platform360.CIFTAY.Jobs", "Platform360.CIFTAY.Jobs\Platform360.CIFTAY.Jobs.csproj", "{DBEBE457-8BEC-4814-9D65-AD91AAD01211}"
EndProject
Project("{9A19103F-16F7-4668-BE54-9A1E7A4F7556}") = "Platform360.Ford.Jobs", "..\Platform360.Ford.Jobs\Platform360.Ford.Jobs\Platform360.Ford.Jobs\Platform360.Ford.Jobs.csproj", "{DE179D3E-9D52-4917-ACAF-C8805BACC902}"
EndProject
Global
	GlobalSection(SolutionConfigurationPlatforms) = preSolution
		Debug|Any CPU = Debug|Any CPU
		Release|Any CPU = Release|Any CPU
	EndGlobalSection
	GlobalSection(ProjectConfigurationPlatforms) = postSolution
		{DBEBE457-8BEC-4814-9D65-AD91AAD01211}.Debug|Any CPU.ActiveCfg = Debug|Any CPU
		{DBEBE457-8BEC-4814-9D65-AD91AAD01211}.Debug|Any CPU.Build.0 = Debug|Any CPU
		{DBEBE457-8BEC-4814-9D65-AD91AAD01211}.Release|Any CPU.ActiveCfg = Release|Any CPU
		{DBEBE457-8BEC-4814-9D65-AD91AAD01211}.Release|Any CPU.Build.0 = Release|Any CPU
		{DE179D3E-9D52-4917-ACAF-C8805BACC902}.Debug|Any CPU.ActiveCfg = Debug|Any CPU
		{DE179D3E-9D52-4917-ACAF-C8805BACC902}.Debug|Any CPU.Build.0 = Debug|Any CPU
		{DE179D3E-9D52-4917-ACAF-C8805BACC902}.Release|Any CPU.ActiveCfg = Release|Any CPU
		{DE179D3E-9D52-4917-ACAF-C8805BACC902}.Release|Any CPU.Build.0 = Release|Any CPU
	EndGlobalSection
	GlobalSection(SolutionProperties) = preSolution
		HideSolutionNode = FALSE
	EndGlobalSection
	GlobalSection(ExtensibilityGlobals) = postSolution
		SolutionGuid = {92A79842-0BE2-43F1-8F13-344D207E150C}
	EndGlobalSection
EndGlobal
